
Microsoft Visual Studio Solution File, Format Version 12.00
# Visual Studio Version 17
VisualStudioVersion = 17.0.31903.59
MinimumVisualStudioVersion = 10.0.40219.1
Project("{FAE04EC0-301F-11D3-BF4B-00C04F79EFBC}") = "Estudos", "Estudos\Estudos.csproj", "{05ED33FE-5943-46D7-8DB6-0595F6ED3F09}"
EndProject
Global
	GlobalSection(SolutionConfigurationPlatforms) = preSolution
		Debug|Any CPU = Debug|Any CPU
		Release|Any CPU = Release|Any CPU
	EndGlobalSection
	GlobalSection(ProjectConfigurationPlatforms) = postSolution
		{05ED33FE-5943-46D7-8DB6-0595F6ED3F09}.Debug|Any CPU.ActiveCfg = Debug|Any CPU
		{05ED33FE-5943-46D7-8DB6-0595F6ED3F09}.Debug|Any CPU.Build.0 = Debug|Any CPU
		{05ED33FE-5943-46D7-8DB6-0595F6ED3F09}.Release|Any CPU.ActiveCfg = Release|Any CPU
		{05ED33FE-5943-46D7-8DB6-0595F6ED3F09}.Release|Any CPU.Build.0 = Release|Any CPU
	EndGlobalSection
	GlobalSection(SolutionProperties) = preSolution
		HideSolutionNode = FALSE
	EndGlobalSection
	GlobalSection(ExtensibilityGlobals) = postSolution
		SolutionGuid = {ECBF9D89-52F5-4F2B-9F40-0304725F4818}
	EndGlobalSection
EndGlobal
